{
  "name": "marqueemarkup",
  "version": "0.1.0",
  "lockfileVersion": 3,
  "requires": true,
  "packages": {
    "": {
      "name": "marqueemarkup",
      "version": "0.1.0",
      "workspaces": [
        "ts/parser",
        "ts/marquee-turbolink",
        "ts/marquee-turbolink-example-plugin",
        "ts/html_renderer",
        "ts/marquee-css",
        "ts/marquee-fonts",
        "ts/marquee-emoji",
        "ts/marquee-markup"
      ]
    },
    "node_modules/@cube-drone/marquee-css": {
      "resolved": "ts/marquee-css",
      "link": true
    },
    "node_modules/@cube-drone/marquee-emoji": {
      "resolved": "ts/marquee-emoji",
      "link": true
    },
    "node_modules/@cube-drone/marquee-fonts": {
      "resolved": "ts/marquee-fonts",
      "link": true
    },
    "node_modules/@cube-drone/marquee-html-renderer": {
      "resolved": "ts/html_renderer",
      "link": true
    },
    "node_modules/@cube-drone/marquee-markup": {
      "resolved": "ts/marquee-markup",
      "link": true
    },
    "node_modules/@cube-drone/marquee-parser": {
      "resolved": "ts/parser",
      "link": true
    },
    "node_modules/@cube-drone/marquee-turbolink": {
      "resolved": "ts/marquee-turbolink",
      "link": true
    },
    "node_modules/@cube-drone/marquee-turbolink-example-plugin": {
      "resolved": "ts/marquee-turbolink-example-plugin",
      "link": true
    },
    "node_modules/@types/node": {
      "version": "24.13.3",
      "resolved": "https://registry.npmjs.org/@types/node/-/node-24.13.3.tgz",
      "integrity": "sha512-Dh8vAsV36ig5wa9OX4pXvMc9D3Veibfw2wix0CUwYODLD8nkj9UsLjASr49nPg+2eKzxhBV+v7L8pXvT4e639Q==",
      "dev": true,
      "license": "MIT",
      "dependencies": {
        "undici-types": "~7.18.0"
      }
    },
    "node_modules/typescript": {
      "version": "5.9.3",
      "resolved": "https://registry.npmjs.org/typescript/-/typescript-5.9.3.tgz",
      "integrity": "sha512-jl1vZzPDinLr9eUt3J/t7V6FgNEw9QjvBPdysz9KfQDD41fQrC2Y4vKQdiaUpFT4bXlb1RHhLpp8wtm6M5TgSw==",
      "dev": true,
      "license": "Apache-2.0",
      "bin": {
        "tsc": "bin/tsc",
        "tsserver": "bin/tsserver"
      },
      "engines": {
        "node": ">=14.17"
      }
    },
    "node_modules/undici-types": {
      "version": "7.18.2",
      "resolved": "https://registry.npmjs.org/undici-types/-/undici-types-7.18.2.tgz",
      "integrity": "sha512-AsuCzffGHJybSaRrmr5eHr81mwJU3kjw6M+uprWvCXiNeN9SOGwQ3Jn8jb8m3Z6izVgknn1R0FTCEAP2QrLY/w==",
      "dev": true,
      "license": "MIT"
    },
    "ts/html_renderer": {
      "name": "@cube-drone/marquee-html-renderer",
      "version": "0.1.0",
      "license": "MPL-2.0",
      "dependencies": {
        "@cube-drone/marquee-parser": "^0.1.0"
      },
      "devDependencies": {
        "@cube-drone/marquee-css": "^0.1.0",
        "@cube-drone/marquee-fonts": "^0.1.0",
        "@cube-drone/marquee-turbolink": "^0.1.0",
        "@types/node": "^24.0.0",
        "typescript": "^5.9.0"
      },
      "engines": {
        "node": ">=22.6.0"
      }
    },
    "ts/marquee-css": {
      "name": "@cube-drone/marquee-css",
      "version": "0.1.0",
      "license": "MPL-2.0",
      "devDependencies": {
        "@types/node": "^24.0.0",
        "typescript": "^5.9.0"
      },
      "engines": {
        "node": ">=22.6.0"
      }
    },
    "ts/marquee-emoji": {
      "name": "@cube-drone/marquee-emoji",
      "version": "0.1.0",
      "license": "MPL-2.0",
      "devDependencies": {
        "@types/node": "^24.0.0",
        "typescript": "^5.9.0"
      },
      "engines": {
        "node": ">=22.6.0"
      }
    },
    "ts/marquee-fonts": {
      "name": "@cube-drone/marquee-fonts",
      "version": "0.1.0",
      "license": "MPL-2.0",
      "devDependencies": {
        "@cube-drone/marquee-html-renderer": "^0.1.0",
        "@types/node": "^24.0.0",
        "typescript": "^5.9.0"
      },
      "engines": {
        "node": ">=22.6.0"
      }
    },
    "ts/marquee-markup": {
      "name": "@cube-drone/marquee-markup",
      "version": "0.1.0",
      "license": "MPL-2.0",
      "dependencies": {
        "@cube-drone/marquee-css": "^0.1.0",
        "@cube-drone/marquee-emoji": "^0.1.0",
        "@cube-drone/marquee-fonts": "^0.1.0",
        "@cube-drone/marquee-html-renderer": "^0.1.0",
        "@cube-drone/marquee-parser": "^0.1.0",
        "@cube-drone/marquee-turbolink": "^0.1.0"
      },
      "bin": {
        "marquee": "dist/bin/marquee.js"
      },
      "devDependencies": {
        "@types/node": "^24.0.0",
        "typescript": "^5.9.0"
      },
      "engines": {
        "node": ">=22.6.0"
      }
    },
    "ts/marquee-turbolink": {
      "name": "@cube-drone/marquee-turbolink",
      "version": "0.1.0",
      "license": "MPL-2.0",
      "dependencies": {
        "@cube-drone/marquee-parser": "^0.1.0"
      },
      "devDependencies": {
        "@types/node": "^24.0.0",
        "typescript": "^5.9.0"
      },
      "engines": {
        "node": ">=22.6.0"
      }
    },
    "ts/marquee-turbolink-example-plugin": {
      "name": "@cube-drone/marquee-turbolink-example-plugin",
      "version": "0.1.0",
      "license": "MPL-2.0",
      "dependencies": {
        "@cube-drone/marquee-turbolink": "^0.1.0"
      },
      "devDependencies": {
        "@types/node": "^24.0.0",
        "typescript": "^5.9.0"
      },
      "engines": {
        "node": ">=22.6.0"
      }
    },
    "ts/parser": {
      "name": "@cube-drone/marquee-parser",
      "version": "0.1.0",
      "license": "MPL-2.0",
      "devDependencies": {
        "@types/node": "^24.0.0",
        "typescript": "^5.9.0"
      },
      "engines": {
        "node": ">=22.6.0"
      }
    }
  }
}
